
Microsoft Visual Studio Solution File, Format Version 12.00
# Visual Studio Version 17
VisualStudioVersion = 17.5.002.0
MinimumVisualStudioVersion = 10.0.40219.1
Project("{2150E333-8FDC-42A3-9474-1A3956D46DE8}") = "backend", "backend", "{B09C7D16-A159-454C-A246-1195716879C8}"
EndProject
Project("{9A19103F-16F7-4668-BE54-9A1E7A4F7556}") = "SmartListApi", "backend\SmartListApi\SmartListApi.csproj", "{D5621B96-FB6E-4988-8132-DE70ECA708F6}"
EndProject
Global
	GlobalSection(SolutionConfigurationPlatforms) = preSolution
		Debug|Any CPU = Debug|Any CPU
		Release|Any CPU = Release|Any CPU
	EndGlobalSection
	GlobalSection(ProjectConfigurationPlatforms) = postSolution
		{D5621B96-FB6E-4988-8132-DE70ECA708F6}.Debug|Any CPU.ActiveCfg = Debug|Any CPU
		{D5621B96-FB6E-4988-8132-DE70ECA708F6}.Debug|Any CPU.Build.0 = Debug|Any CPU
		{D5621B96-FB6E-4988-8132-DE70ECA708F6}.Release|Any CPU.ActiveCfg = Release|Any CPU
		{D5621B96-FB6E-4988-8132-DE70ECA708F6}.Release|Any CPU.Build.0 = Release|Any CPU
	EndGlobalSection
	GlobalSection(SolutionProperties) = preSolution
		HideSolutionNode = FALSE
	EndGlobalSection
	GlobalSection(NestedProjects) = preSolution
		{D5621B96-FB6E-4988-8132-DE70ECA708F6} = {B09C7D16-A159-454C-A246-1195716879C8}
	EndGlobalSection
	GlobalSection(ExtensibilityGlobals) = postSolution
		SolutionGuid = {646FC77E-0811-45F2-A5EB-9958286D248F}
	EndGlobalSection
EndGlobal
